
Microsoft Visual Studio Solution File, Format Version 12.00
# Visual Studio Version 16
VisualStudioVersion = 25.0.1706.4
MinimumVisualStudioVersion = 10.0.40219.1
Project("{FAE04EC0-301F-11D3-BF4B-00C04F79EFBC}") = "AnimalCountingDatabse.Tests", "AnimalCountingDatabse.Tests.csproj", "{AF52DFC9-E6BA-4E27-B9BC-FCDE93AAC5D7}"
EndProject
Global
	GlobalSection(SolutionConfigurationPlatforms) = preSolution
		Debug|Any CPU = Debug|Any CPU
		Release|Any CPU = Release|Any CPU
	EndGlobalSection
	GlobalSection(ProjectConfigurationPlatforms) = postSolution
		{AF52DFC9-E6BA-4E27-B9BC-FCDE93AAC5D7}.Debug|Any CPU.ActiveCfg = Debug|Any CPU
		{AF52DFC9-E6BA-4E27-B9BC-FCDE93AAC5D7}.Debug|Any CPU.Build.0 = Debug|Any CPU
		{AF52DFC9-E6BA-4E27-B9BC-FCDE93AAC5D7}.Release|Any CPU.ActiveCfg = Release|Any CPU
		{AF52DFC9-E6BA-4E27-B9BC-FCDE93AAC5D7}.Release|Any CPU.Build.0 = Release|Any CPU
	EndGlobalSection
	GlobalSection(SolutionProperties) = preSolution
		HideSolutionNode = FALSE
	EndGlobalSection
	GlobalSection(ExtensibilityGlobals) = postSolution
		SolutionGuid = {960B2AA2-74D3-4F94-BFCB-621F57361BA4}
	EndGlobalSection
EndGlobal
